{
  "name": "versatiles-choro-js",
  "version": "0.1.0",
  "lockfileVersion": 3,
  "requires": true,
  "packages": {
    "": {
      "name": "versatiles-choro-js",
      "version": "0.1.0",
      "devDependencies": {
        "@sinclair/typebox": "^0.34.41",
        "npm-check-updates": "^19.1.2",
        "typescript": "^5.9.3"
      }
    },
    "node_modules/@sinclair/typebox": {
      "version": "0.34.41",
      "resolved": "https://registry.npmjs.org/@sinclair/typebox/-/typebox-0.34.41.tgz",
      "integrity": "sha512-6gS8pZzSXdyRHTIqoqSVknxolr1kzfy4/CeDnrzsVz8TTIWUbOBr6gnzOmTYJ3eXQNh4IYHIGi5aIL7sOZ2G/g==",
      "dev": true,
      "license": "MIT"
    },
    "node_modules/npm-check-updates": {
      "version": "19.1.2",
      "resolved": "https://registry.npmjs.org/npm-check-updates/-/npm-check-updates-19.1.2.tgz",
      "integrity": "sha512-FNeFCVgPOj0fz89hOpGtxP2rnnRHR7hD2E8qNU8SMWfkyDZXA/xpgjsL3UMLSo3F/K13QvJDnbxPngulNDDo/g==",
      "dev": true,
      "license": "Apache-2.0",
      "bin": {
        "ncu": "build/cli.js",
        "npm-check-updates": "build/cli.js"
      },
      "engines": {
        "node": ">=20.0.0",
        "npm": ">=8.12.1"
      }
    },
    "node_modules/typescript": {
      "version": "5.9.3",
      "resolved": "https://registry.npmjs.org/typescript/-/typescript-5.9.3.tgz",
      "integrity": "sha512-jl1vZzPDinLr9eUt3J/t7V6FgNEw9QjvBPdysz9KfQDD41fQrC2Y4vKQdiaUpFT4bXlb1RHhLpp8wtm6M5TgSw==",
      "dev": true,
      "license": "Apache-2.0",
      "bin": {
        "tsc": "bin/tsc",
        "tsserver": "bin/tsserver"
      },
      "engines": {
        "node": ">=14.17"
      }
    }
  }
}
